
Microsoft Visual Studio Solution File, Format Version 12.00
# Visual Studio Version 17
VisualStudioVersion = 17.14.36301.6 d17.14
MinimumVisualStudioVersion = 10.0.40219.1
Project("{FAE04EC0-301F-11D3-BF4B-00C04F79EFBC}") = "C# Exam", "C# Exam\C# Exam.csproj", "{806A2B7D-3E4C-4908-98A4-4212444A0A86}"
EndProject
Global
	GlobalSection(SolutionConfigurationPlatforms) = preSolution
		Debug|Any CPU = Debug|Any CPU
		Release|Any CPU = Release|Any CPU
	EndGlobalSection
	GlobalSection(ProjectConfigurationPlatforms) = postSolution
		{806A2B7D-3E4C-4908-98A4-4212444A0A86}.Debug|Any CPU.ActiveCfg = Debug|Any CPU
		{806A2B7D-3E4C-4908-98A4-4212444A0A86}.Debug|Any CPU.Build.0 = Debug|Any CPU
		{806A2B7D-3E4C-4908-98A4-4212444A0A86}.Release|Any CPU.ActiveCfg = Release|Any CPU
		{806A2B7D-3E4C-4908-98A4-4212444A0A86}.Release|Any CPU.Build.0 = Release|Any CPU
	EndGlobalSection
	GlobalSection(SolutionProperties) = preSolution
		HideSolutionNode = FALSE
	EndGlobalSection
	GlobalSection(ExtensibilityGlobals) = postSolution
		SolutionGuid = {AF12588D-3A49-4DB5-A74C-0EC20CE48E07}
	EndGlobalSection
EndGlobal
